
Microsoft Visual Studio Solution File, Format Version 12.00
# Visual Studio Version 16
VisualStudioVersion = 16.0.31112.23
MinimumVisualStudioVersion = 10.0.40219.1
Project("{FAE04EC0-301F-11D3-BF4B-00C04F79EFBC}") = "level_2", "level_2\level_2.csproj", "{34FB8731-55BE-42B0-BC3F-05190990FE9C}"
EndProject
Global
	GlobalSection(SolutionConfigurationPlatforms) = preSolution
		Debug|Any CPU = Debug|Any CPU
		Release|Any CPU = Release|Any CPU
	EndGlobalSection
	GlobalSection(ProjectConfigurationPlatforms) = postSolution
		{34FB8731-55BE-42B0-BC3F-05190990FE9C}.Debug|Any CPU.ActiveCfg = Debug|Any CPU
		{34FB8731-55BE-42B0-BC3F-05190990FE9C}.Debug|Any CPU.Build.0 = Debug|Any CPU
		{34FB8731-55BE-42B0-BC3F-05190990FE9C}.Release|Any CPU.ActiveCfg = Release|Any CPU
		{34FB8731-55BE-42B0-BC3F-05190990FE9C}.Release|Any CPU.Build.0 = Release|Any CPU
	EndGlobalSection
	GlobalSection(SolutionProperties) = preSolution
		HideSolutionNode = FALSE
	EndGlobalSection
	GlobalSection(ExtensibilityGlobals) = postSolution
		SolutionGuid = {786647E4-668F-4B6F-B278-8A2B19B76FEE}
	EndGlobalSection
EndGlobal
