
Microsoft Visual Studio Solution File, Format Version 12.00
# Visual Studio Version 16
VisualStudioVersion = 16.0.31112.23
MinimumVisualStudioVersion = 10.0.40219.1
Project("{FAE04EC0-301F-11D3-BF4B-00C04F79EFBC}") = "level_3", "level_3\level_3.csproj", "{59BF8028-7358-48C3-A257-8FB26125FA0D}"
EndProject
Global
	GlobalSection(SolutionConfigurationPlatforms) = preSolution
		Debug|Any CPU = Debug|Any CPU
		Release|Any CPU = Release|Any CPU
	EndGlobalSection
	GlobalSection(ProjectConfigurationPlatforms) = postSolution
		{59BF8028-7358-48C3-A257-8FB26125FA0D}.Debug|Any CPU.ActiveCfg = Debug|Any CPU
		{59BF8028-7358-48C3-A257-8FB26125FA0D}.Debug|Any CPU.Build.0 = Debug|Any CPU
		{59BF8028-7358-48C3-A257-8FB26125FA0D}.Release|Any CPU.ActiveCfg = Release|Any CPU
		{59BF8028-7358-48C3-A257-8FB26125FA0D}.Release|Any CPU.Build.0 = Release|Any CPU
	EndGlobalSection
	GlobalSection(SolutionProperties) = preSolution
		HideSolutionNode = FALSE
	EndGlobalSection
	GlobalSection(ExtensibilityGlobals) = postSolution
		SolutionGuid = {8BE3C5EF-D0B6-4171-8F69-A1D2EF974089}
	EndGlobalSection
EndGlobal
